
Microsoft Visual Studio Solution File, Format Version 12.00
# Visual Studio Version 17
VisualStudioVersion = 17.11.35222.181
MinimumVisualStudioVersion = 10.0.40219.1
Project("{FAE04EC0-301F-11D3-BF4B-00C04F79EFBC}") = "LocacaowebAplication", "WebApplication4\LocacaowebAplication.csproj", "{DEF45FA5-3173-4B79-92D6-D006BE821EE8}"
EndProject
Global
	GlobalSection(SolutionConfigurationPlatforms) = preSolution
		Debug|Any CPU = Debug|Any CPU
		Release|Any CPU = Release|Any CPU
	EndGlobalSection
	GlobalSection(ProjectConfigurationPlatforms) = postSolution
		{DEF45FA5-3173-4B79-92D6-D006BE821EE8}.Debug|Any CPU.ActiveCfg = Debug|Any CPU
		{DEF45FA5-3173-4B79-92D6-D006BE821EE8}.Debug|Any CPU.Build.0 = Debug|Any CPU
		{DEF45FA5-3173-4B79-92D6-D006BE821EE8}.Release|Any CPU.ActiveCfg = Release|Any CPU
		{DEF45FA5-3173-4B79-92D6-D006BE821EE8}.Release|Any CPU.Build.0 = Release|Any CPU
	EndGlobalSection
	GlobalSection(SolutionProperties) = preSolution
		HideSolutionNode = FALSE
	EndGlobalSection
	GlobalSection(ExtensibilityGlobals) = postSolution
		SolutionGuid = {F15A09E0-0E1B-4185-8FF4-F7F60012E77C}
	EndGlobalSection
EndGlobal
